
Microsoft Visual Studio Solution File, Format Version 12.00
# Visual Studio Version 16
VisualStudioVersion = 16.0.30523.141
MinimumVisualStudioVersion = 10.0.40219.1
Project("{9A19103F-16F7-4668-BE54-9A1E7A4F7556}") = "GameBook", "GameBook\GameBook.csproj", "{E6DEF860-999E-4BEF-B958-9978CAAEF722}"
EndProject
Project("{9A19103F-16F7-4668-BE54-9A1E7A4F7556}") = "GameBook.Tests", "GameBook.Tests\GameBook.Tests.csproj", "{05CBF619-5629-409F-8A9F-1146A61F159A}"
EndProject
Project("{9A19103F-16F7-4668-BE54-9A1E7A4F7556}") = "GameBook.Wpf", "GameBook.Wpf\GameBook.Wpf.csproj", "{0611FB7A-CFFD-483C-A916-FC5CBCBE807E}"
EndProject
Global
	GlobalSection(SolutionConfigurationPlatforms) = preSolution
		Debug|Any CPU = Debug|Any CPU
		Release|Any CPU = Release|Any CPU
	EndGlobalSection
	GlobalSection(ProjectConfigurationPlatforms) = postSolution
		{E6DEF860-999E-4BEF-B958-9978CAAEF722}.Debug|Any CPU.ActiveCfg = Debug|Any CPU
		{E6DEF860-999E-4BEF-B958-9978CAAEF722}.Debug|Any CPU.Build.0 = Debug|Any CPU
		{E6DEF860-999E-4BEF-B958-9978CAAEF722}.Release|Any CPU.ActiveCfg = Release|Any CPU
		{E6DEF860-999E-4BEF-B958-9978CAAEF722}.Release|Any CPU.Build.0 = Release|Any CPU
		{05CBF619-5629-409F-8A9F-1146A61F159A}.Debug|Any CPU.ActiveCfg = Debug|Any CPU
		{05CBF619-5629-409F-8A9F-1146A61F159A}.Debug|Any CPU.Build.0 = Debug|Any CPU
		{05CBF619-5629-409F-8A9F-1146A61F159A}.Release|Any CPU.ActiveCfg = Release|Any CPU
		{05CBF619-5629-409F-8A9F-1146A61F159A}.Release|Any CPU.Build.0 = Release|Any CPU
		{0611FB7A-CFFD-483C-A916-FC5CBCBE807E}.Debug|Any CPU.ActiveCfg = Debug|Any CPU
		{0611FB7A-CFFD-483C-A916-FC5CBCBE807E}.Debug|Any CPU.Build.0 = Debug|Any CPU
		{0611FB7A-CFFD-483C-A916-FC5CBCBE807E}.Release|Any CPU.ActiveCfg = Release|Any CPU
		{0611FB7A-CFFD-483C-A916-FC5CBCBE807E}.Release|Any CPU.Build.0 = Release|Any CPU
	EndGlobalSection
	GlobalSection(SolutionProperties) = preSolution
		HideSolutionNode = FALSE
	EndGlobalSection
	GlobalSection(ExtensibilityGlobals) = postSolution
		SolutionGuid = {F49F393E-4D36-4549-A0C0-C9D4FDBED82C}
	EndGlobalSection
EndGlobal
